
Microsoft Visual Studio Solution File, Format Version 12.00
# Visual Studio Version 17
VisualStudioVersion = 17.1.32228.430
MinimumVisualStudioVersion = 10.0.40219.1
Project("{2150E333-8FDC-42A3-9474-1A3956D46DE8}") = "src", "src", "{E32B8E12-9B0B-4D97-8802-C94FACC98002}"
EndProject
Project("{2150E333-8FDC-42A3-9474-1A3956D46DE8}") = "tests", "tests", "{9AA5796E-320A-4BFD-915F-2C67892DF62B}"
EndProject
Project("{2150E333-8FDC-42A3-9474-1A3956D46DE8}") = ".development", ".development", "{3F400ABB-8918-420F-AEF9-38869FDBF2A5}"
	ProjectSection(SolutionItems) = preProject
		docker-compose.yml = docker-compose.yml
		Dockerfile = Dockerfile
		README.md = README.md
	EndProjectSection
EndProject
Project("{9A19103F-16F7-4668-BE54-9A1E7A4F7556}") = "TechTask.AA.API", "src\TechTask.AA.API\TechTask.AA.API.csproj", "{39B49101-F1DE-4B4D-B741-F6B2AD0DA6EC}"
EndProject
Project("{9A19103F-16F7-4668-BE54-9A1E7A4F7556}") = "TechTask.AA.Core", "src\TechTask.AA.Core\TechTask.AA.Core.csproj", "{56448F3A-8D8B-4054-B374-131DB7813D68}"
EndProject
Project("{9A19103F-16F7-4668-BE54-9A1E7A4F7556}") = "TechTask.AA.DAL", "src\TechTask.AA.DAL\TechTask.AA.DAL.csproj", "{2BC0BD11-63D4-4B5F-A0A4-71A9E49616C8}"
EndProject
Project("{9A19103F-16F7-4668-BE54-9A1E7A4F7556}") = "TechTask.AA.Infrastructure", "src\TechTask.AA.Infrastructure\TechTask.AA.Infrastructure.csproj", "{03B79837-A139-4929-918D-AF8F58F1D05C}"
EndProject
Project("{9A19103F-16F7-4668-BE54-9A1E7A4F7556}") = "TeshTask.AA.Application", "src\TeshTask.AA.Application\TeshTask.AA.Application.csproj", "{36E6DB10-E4B7-4C93-984A-29FAED9C121C}"
EndProject
Project("{9A19103F-16F7-4668-BE54-9A1E7A4F7556}") = "TechTask.AA.API.UnitTests", "tests\TechTask.AA.API.UnitTests\TechTask.AA.API.UnitTests.csproj", "{EF4771ED-E861-44C6-AE97-1FB0F9B6FC3F}"
EndProject
Project("{9A19103F-16F7-4668-BE54-9A1E7A4F7556}") = "TechTask.AA.Application.UnitTests", "tests\TechTask.AA.Application.UnitTests\TechTask.AA.Application.UnitTests.csproj", "{0BF36C35-7824-4ECB-B5B0-555253DC5B2C}"
EndProject
Project("{9A19103F-16F7-4668-BE54-9A1E7A4F7556}") = "TechTask.AA.Core.UnitTests", "tests\TechTask.AA.Core.UnitTests\TechTask.AA.Core.UnitTests.csproj", "{2DA38616-E174-491C-AB2A-4334822CEEE9}"
EndProject
Project("{9A19103F-16F7-4668-BE54-9A1E7A4F7556}") = "TechTask.AA.Infrastructure.UnitTests", "tests\TechTask.AA.Infrastructure.UnitTests\TechTask.AA.Infrastructure.UnitTests.csproj", "{E7CA9029-EAE5-474C-87D4-41B19450A7C4}"
EndProject
Global
	GlobalSection(SolutionConfigurationPlatforms) = preSolution
		Debug|Any CPU = Debug|Any CPU
		Release|Any CPU = Release|Any CPU
	EndGlobalSection
	GlobalSection(ProjectConfigurationPlatforms) = postSolution
		{39B49101-F1DE-4B4D-B741-F6B2AD0DA6EC}.Debug|Any CPU.ActiveCfg = Debug|Any CPU
		{39B49101-F1DE-4B4D-B741-F6B2AD0DA6EC}.Debug|Any CPU.Build.0 = Debug|Any CPU
		{39B49101-F1DE-4B4D-B741-F6B2AD0DA6EC}.Release|Any CPU.ActiveCfg = Release|Any CPU
		{39B49101-F1DE-4B4D-B741-F6B2AD0DA6EC}.Release|Any CPU.Build.0 = Release|Any CPU
		{56448F3A-8D8B-4054-B374-131DB7813D68}.Debug|Any CPU.ActiveCfg = Debug|Any CPU
		{56448F3A-8D8B-4054-B374-131DB7813D68}.Debug|Any CPU.Build.0 = Debug|Any CPU
		{56448F3A-8D8B-4054-B374-131DB7813D68}.Release|Any CPU.ActiveCfg = Release|Any CPU
		{56448F3A-8D8B-4054-B374-131DB7813D68}.Release|Any CPU.Build.0 = Release|Any CPU
		{2BC0BD11-63D4-4B5F-A0A4-71A9E49616C8}.Debug|Any CPU.ActiveCfg = Debug|Any CPU
		{2BC0BD11-63D4-4B5F-A0A4-71A9E49616C8}.Debug|Any CPU.Build.0 = Debug|Any CPU
		{2BC0BD11-63D4-4B5F-A0A4-71A9E49616C8}.Release|Any CPU.ActiveCfg = Release|Any CPU
		{2BC0BD11-63D4-4B5F-A0A4-71A9E49616C8}.Release|Any CPU.Build.0 = Release|Any CPU
		{03B79837-A139-4929-918D-AF8F58F1D05C}.Debug|Any CPU.ActiveCfg = Debug|Any CPU
		{03B79837-A139-4929-918D-AF8F58F1D05C}.Debug|Any CPU.Build.0 = Debug|Any CPU
		{03B79837-A139-4929-918D-AF8F58F1D05C}.Release|Any CPU.ActiveCfg = Release|Any CPU
		{03B79837-A139-4929-918D-AF8F58F1D05C}.Release|Any CPU.Build.0 = Release|Any CPU
		{36E6DB10-E4B7-4C93-984A-29FAED9C121C}.Debug|Any CPU.ActiveCfg = Debug|Any CPU
		{36E6DB10-E4B7-4C93-984A-29FAED9C121C}.Debug|Any CPU.Build.0 = Debug|Any CPU
		{36E6DB10-E4B7-4C93-984A-29FAED9C121C}.Release|Any CPU.ActiveCfg = Release|Any CPU
		{36E6DB10-E4B7-4C93-984A-29FAED9C121C}.Release|Any CPU.Build.0 = Release|Any CPU
		{EF4771ED-E861-44C6-AE97-1FB0F9B6FC3F}.Debug|Any CPU.ActiveCfg = Debug|Any CPU
		{EF4771ED-E861-44C6-AE97-1FB0F9B6FC3F}.Debug|Any CPU.Build.0 = Debug|Any CPU
		{EF4771ED-E861-44C6-AE97-1FB0F9B6FC3F}.Release|Any CPU.ActiveCfg = Release|Any CPU
		{EF4771ED-E861-44C6-AE97-1FB0F9B6FC3F}.Release|Any CPU.Build.0 = Release|Any CPU
		{0BF36C35-7824-4ECB-B5B0-555253DC5B2C}.Debug|Any CPU.ActiveCfg = Debug|Any CPU
		{0BF36C35-7824-4ECB-B5B0-555253DC5B2C}.Debug|Any CPU.Build.0 = Debug|Any CPU
		{0BF36C35-7824-4ECB-B5B0-555253DC5B2C}.Release|Any CPU.ActiveCfg = Release|Any CPU
		{0BF36C35-7824-4ECB-B5B0-555253DC5B2C}.Release|Any CPU.Build.0 = Release|Any CPU
		{2DA38616-E174-491C-AB2A-4334822CEEE9}.Debug|Any CPU.ActiveCfg = Debug|Any CPU
		{2DA38616-E174-491C-AB2A-4334822CEEE9}.Debug|Any CPU.Build.0 = Debug|Any CPU
		{2DA38616-E174-491C-AB2A-4334822CEEE9}.Release|Any CPU.ActiveCfg = Release|Any CPU
		{2DA38616-E174-491C-AB2A-4334822CEEE9}.Release|Any CPU.Build.0 = Release|Any CPU
		{E7CA9029-EAE5-474C-87D4-41B19450A7C4}.Debug|Any CPU.ActiveCfg = Debug|Any CPU
		{E7CA9029-EAE5-474C-87D4-41B19450A7C4}.Debug|Any CPU.Build.0 = Debug|Any CPU
		{E7CA9029-EAE5-474C-87D4-41B19450A7C4}.Release|Any CPU.ActiveCfg = Release|Any CPU
		{E7CA9029-EAE5-474C-87D4-41B19450A7C4}.Release|Any CPU.Build.0 = Release|Any CPU
	EndGlobalSection
	GlobalSection(SolutionProperties) = preSolution
		HideSolutionNode = FALSE
	EndGlobalSection
	GlobalSection(NestedProjects) = preSolution
		{39B49101-F1DE-4B4D-B741-F6B2AD0DA6EC} = {E32B8E12-9B0B-4D97-8802-C94FACC98002}
		{56448F3A-8D8B-4054-B374-131DB7813D68} = {E32B8E12-9B0B-4D97-8802-C94FACC98002}
		{2BC0BD11-63D4-4B5F-A0A4-71A9E49616C8} = {E32B8E12-9B0B-4D97-8802-C94FACC98002}
		{03B79837-A139-4929-918D-AF8F58F1D05C} = {E32B8E12-9B0B-4D97-8802-C94FACC98002}
		{36E6DB10-E4B7-4C93-984A-29FAED9C121C} = {E32B8E12-9B0B-4D97-8802-C94FACC98002}
		{EF4771ED-E861-44C6-AE97-1FB0F9B6FC3F} = {9AA5796E-320A-4BFD-915F-2C67892DF62B}
		{0BF36C35-7824-4ECB-B5B0-555253DC5B2C} = {9AA5796E-320A-4BFD-915F-2C67892DF62B}
		{2DA38616-E174-491C-AB2A-4334822CEEE9} = {9AA5796E-320A-4BFD-915F-2C67892DF62B}
		{E7CA9029-EAE5-474C-87D4-41B19450A7C4} = {9AA5796E-320A-4BFD-915F-2C67892DF62B}
	EndGlobalSection
	GlobalSection(ExtensibilityGlobals) = postSolution
		SolutionGuid = {F9E867D1-3A72-4FAE-8B29-CCE68C00E660}
	EndGlobalSection
EndGlobal
